
Microsoft Visual Studio Solution File, Format Version 12.00
# Visual Studio Version 16
VisualStudioVersion = 16.0.31911.196
MinimumVisualStudioVersion = 10.0.40219.1
Project("{FAE04EC0-301F-11D3-BF4B-00C04F79EFBC}") = "WebApplication1.Server", "WebApplication1\Server\WebApplication1.Server.csproj", "{7CBB75A2-F170-46EF-B803-8F8E3F78D7A9}"
EndProject
Project("{FAE04EC0-301F-11D3-BF4B-00C04F79EFBC}") = "WebApplication1.Client", "WebApplication1\Client\WebApplication1.Client.csproj", "{24610BA2-EAA0-4E3C-BD8E-D1FAF44B3C04}"
EndProject
Project("{FAE04EC0-301F-11D3-BF4B-00C04F79EFBC}") = "WebApplication1.Shared", "WebApplication1\Shared\WebApplication1.Shared.csproj", "{F54FFA97-B535-4C83-BD40-124205A38DDA}"
EndProject
Global
	GlobalSection(SolutionConfigurationPlatforms) = preSolution
		Debug|Any CPU = Debug|Any CPU
		Release|Any CPU = Release|Any CPU
	EndGlobalSection
	GlobalSection(ProjectConfigurationPlatforms) = postSolution
		{7CBB75A2-F170-46EF-B803-8F8E3F78D7A9}.Debug|Any CPU.ActiveCfg = Debug|Any CPU
		{7CBB75A2-F170-46EF-B803-8F8E3F78D7A9}.Debug|Any CPU.Build.0 = Debug|Any CPU
		{7CBB75A2-F170-46EF-B803-8F8E3F78D7A9}.Release|Any CPU.ActiveCfg = Release|Any CPU
		{7CBB75A2-F170-46EF-B803-8F8E3F78D7A9}.Release|Any CPU.Build.0 = Release|Any CPU
		{24610BA2-EAA0-4E3C-BD8E-D1FAF44B3C04}.Debug|Any CPU.ActiveCfg = Debug|Any CPU
		{24610BA2-EAA0-4E3C-BD8E-D1FAF44B3C04}.Debug|Any CPU.Build.0 = Debug|Any CPU
		{24610BA2-EAA0-4E3C-BD8E-D1FAF44B3C04}.Release|Any CPU.ActiveCfg = Release|Any CPU
		{24610BA2-EAA0-4E3C-BD8E-D1FAF44B3C04}.Release|Any CPU.Build.0 = Release|Any CPU
		{F54FFA97-B535-4C83-BD40-124205A38DDA}.Debug|Any CPU.ActiveCfg = Debug|Any CPU
		{F54FFA97-B535-4C83-BD40-124205A38DDA}.Debug|Any CPU.Build.0 = Debug|Any CPU
		{F54FFA97-B535-4C83-BD40-124205A38DDA}.Release|Any CPU.ActiveCfg = Release|Any CPU
		{F54FFA97-B535-4C83-BD40-124205A38DDA}.Release|Any CPU.Build.0 = Release|Any CPU
	EndGlobalSection
	GlobalSection(SolutionProperties) = preSolution
		HideSolutionNode = FALSE
	EndGlobalSection
	GlobalSection(ExtensibilityGlobals) = postSolution
		SolutionGuid = {237A23C3-DA1C-4E3E-B3D8-1A271E4A3CD5}
	EndGlobalSection
EndGlobal
